
Microsoft Visual Studio Solution File, Format Version 12.00
# Visual Studio Version 16
VisualStudioVersion = 16.0.31410.357
MinimumVisualStudioVersion = 10.0.40219.1
Project("{FAE04EC0-301F-11D3-BF4B-00C04F79EFBC}") = "PeepApi", "PeepApi\PeepApi.csproj", "{C02B1178-A8FB-4A95-9E4D-C10A75D5A92E}"
EndProject
Global
	GlobalSection(SolutionConfigurationPlatforms) = preSolution
		Debug|Any CPU = Debug|Any CPU
		Release|Any CPU = Release|Any CPU
	EndGlobalSection
	GlobalSection(ProjectConfigurationPlatforms) = postSolution
		{C02B1178-A8FB-4A95-9E4D-C10A75D5A92E}.Debug|Any CPU.ActiveCfg = Debug|Any CPU
		{C02B1178-A8FB-4A95-9E4D-C10A75D5A92E}.Debug|Any CPU.Build.0 = Debug|Any CPU
		{C02B1178-A8FB-4A95-9E4D-C10A75D5A92E}.Release|Any CPU.ActiveCfg = Release|Any CPU
		{C02B1178-A8FB-4A95-9E4D-C10A75D5A92E}.Release|Any CPU.Build.0 = Release|Any CPU
	EndGlobalSection
	GlobalSection(SolutionProperties) = preSolution
		HideSolutionNode = FALSE
	EndGlobalSection
	GlobalSection(ExtensibilityGlobals) = postSolution
		SolutionGuid = {A7E81B99-1247-468D-AB41-E5F1AD7E2829}
	EndGlobalSection
EndGlobal
